
Microsoft Visual Studio Solution File, Format Version 12.00
# Visual Studio Version 16
VisualStudioVersion = 16.0.29920.165
MinimumVisualStudioVersion = 10.0.40219.1
Project("{FAE04EC0-301F-11D3-BF4B-00C04F79EFBC}") = "SimulateBaking", "SimulateBaking.csproj", "{D9360AE9-27B0-4E03-A85F-59402427AD38}"
EndProject
Global
	GlobalSection(SolutionConfigurationPlatforms) = preSolution
		Debug|Any CPU = Debug|Any CPU
		Release|Any CPU = Release|Any CPU
	EndGlobalSection
	GlobalSection(ProjectConfigurationPlatforms) = postSolution
		{D9360AE9-27B0-4E03-A85F-59402427AD38}.Debug|Any CPU.ActiveCfg = Debug|Any CPU
		{D9360AE9-27B0-4E03-A85F-59402427AD38}.Debug|Any CPU.Build.0 = Debug|Any CPU
		{D9360AE9-27B0-4E03-A85F-59402427AD38}.Release|Any CPU.ActiveCfg = Release|Any CPU
		{D9360AE9-27B0-4E03-A85F-59402427AD38}.Release|Any CPU.Build.0 = Release|Any CPU
	EndGlobalSection
	GlobalSection(SolutionProperties) = preSolution
		HideSolutionNode = FALSE
	EndGlobalSection
	GlobalSection(ExtensibilityGlobals) = postSolution
		SolutionGuid = {4A03ABAC-1F87-4074-BEFC-A8E21CE28638}
	EndGlobalSection
EndGlobal
